
Microsoft Visual Studio Solution File, Format Version 12.00
# Visual Studio Version 17
VisualStudioVersion = 17.9.34728.123
MinimumVisualStudioVersion = 10.0.40219.1
Project("{FAE04EC0-301F-11D3-BF4B-00C04F79EFBC}") = "LzwGifTools", "LzwGifTools\LzwGifTools.csproj", "{0B7D45BC-8545-4B5E-8CFB-8620D04BBFBE}"
EndProject
Project("{FAE04EC0-301F-11D3-BF4B-00C04F79EFBC}") = "LzwGifTools.Tests", "LzwGifTools.Tests\LzwGifTools.Tests.csproj", "{59BFEDB7-06FB-47E8-81E5-2881C76C8F30}"
EndProject
Global
	GlobalSection(SolutionConfigurationPlatforms) = preSolution
		Debug|Any CPU = Debug|Any CPU
		Release|Any CPU = Release|Any CPU
	EndGlobalSection
	GlobalSection(ProjectConfigurationPlatforms) = postSolution
		{0B7D45BC-8545-4B5E-8CFB-8620D04BBFBE}.Debug|Any CPU.ActiveCfg = Debug|Any CPU
		{0B7D45BC-8545-4B5E-8CFB-8620D04BBFBE}.Debug|Any CPU.Build.0 = Debug|Any CPU
		{0B7D45BC-8545-4B5E-8CFB-8620D04BBFBE}.Release|Any CPU.ActiveCfg = Release|Any CPU
		{0B7D45BC-8545-4B5E-8CFB-8620D04BBFBE}.Release|Any CPU.Build.0 = Release|Any CPU
		{59BFEDB7-06FB-47E8-81E5-2881C76C8F30}.Debug|Any CPU.ActiveCfg = Debug|Any CPU
		{59BFEDB7-06FB-47E8-81E5-2881C76C8F30}.Debug|Any CPU.Build.0 = Debug|Any CPU
		{59BFEDB7-06FB-47E8-81E5-2881C76C8F30}.Release|Any CPU.ActiveCfg = Release|Any CPU
		{59BFEDB7-06FB-47E8-81E5-2881C76C8F30}.Release|Any CPU.Build.0 = Release|Any CPU
	EndGlobalSection
	GlobalSection(SolutionProperties) = preSolution
		HideSolutionNode = FALSE
	EndGlobalSection
	GlobalSection(ExtensibilityGlobals) = postSolution
		SolutionGuid = {C5FD71F2-39AF-4079-9F78-1F71B26C4DED}
	EndGlobalSection
EndGlobal
